# THIS IS AN AUTOGENERATED FILE. DO NOT EDIT THIS FILE DIRECTLY.
# yarn lockfile v1


"@contentful/rich-text-types@^16.0.2":
  version "16.0.2"
  resolved "https://registry.yarnpkg.com/@contentful/rich-text-types/-/rich-text-types-16.0.2.tgz#779bc76b5159152b3a9e908e6a04cb9342faa9b1"
  integrity sha512-ovbmCKQjlyGek4NuABoqDesC3FBV3e5jPMMdtT2mpOy9ia31MKO0NSFMRGZu7Q+veZzmDMja8S1i/XeFCUT9Pw==

"@types/json-patch@0.0.30":
  version "0.0.30"
  resolved "https://registry.yarnpkg.com/@types/json-patch/-/json-patch-0.0.30.tgz#7c562173216c50529e70126ceb8e7a533f865e9b"
  integrity sha512-MhCUjojzDhVLnZnxwPwa+rETFRDQ0ffjxYdrqOP6TBO2O0/Z64PV5tNeYApo4bc4y4frbWOrRwv/eEkXlI13Rw==

"@types/node@^18.13.0":
  version "18.13.0"
  resolved "https://registry.yarnpkg.com/@types/node/-/node-18.13.0.tgz#0400d1e6ce87e9d3032c19eb6c58205b0d3f7850"
  integrity sha512-gC3TazRzGoOnoKAhUx+Q0t8S9Tzs74z7m0ipwGpSqQrleP14hKxP4/JUeEQcD3W1/aIpnWl8pHowI7WokuZpXg==

asynckit@^0.4.0:
  version "0.4.0"
  resolved "https://registry.yarnpkg.com/asynckit/-/asynckit-0.4.0.tgz#c79ed97f7f34cb8f2ba1bc9790bcc366474b4b79"
  integrity sha512-Oei9OH4tRh0YqU3GxhX79dM/mwVgvbZJaSNaRk+bshkj0S5cfHcgYakreBjrHwatXKbz+IoIdYLxrKim2MjW0Q==

axios@^0.27.0, axios@^0.27.1:
  version "0.27.2"
  resolved "https://registry.yarnpkg.com/axios/-/axios-0.27.2.tgz#207658cc8621606e586c85db4b41a750e756d972"
  integrity sha512-t+yRIyySRTp/wua5xEr+z1q60QmLq8ABsS5O9Me1AsE5dfKqgnCFzwiCZZ/cGNd1lq4/7akDWMxdhVlucjmnOQ==
  dependencies:
    follow-redirects "^1.14.9"
    form-data "^4.0.0"

call-bind@^1.0.0:
  version "1.0.2"
  resolved "https://registry.yarnpkg.com/call-bind/-/call-bind-1.0.2.tgz#b1d4e89e688119c3c9a903ad30abb2f6a919be3c"
  integrity sha512-7O+FbCihrB5WGbFYesctwmTKae6rOiIzmz1icreWJ+0aA7LJfuqhEso2T9ncpcFtzMQtzXf2QGGueWJGTYsqrA==
  dependencies:
    function-bind "^1.1.1"
    get-intrinsic "^1.0.2"

combined-stream@^1.0.8:
  version "1.0.8"
  resolved "https://registry.yarnpkg.com/combined-stream/-/combined-stream-1.0.8.tgz#c3d45a8b34fd730631a110a8a2520682b31d5a7f"
  integrity sha512-FQN4MRfuJeHf7cBbBMJFXhKSDq+2kAArBlmRBvcvFE5BB1HZKXtSFASDhdlz9zOYwxh8lDdnvmMOe/+5cdoEdg==
  dependencies:
    delayed-stream "~1.0.0"

contentful-management@^10.29.1:
  version "10.29.1"
  resolved "https://registry.yarnpkg.com/contentful-management/-/contentful-management-10.29.1.tgz#6afce7c674f4d3211acc7ae1ef4ccab367ba857a"
  integrity sha512-lP929UAf/0fK7ZTjVXrj0O/b7+MtW490Vj8lAb0HGhKKNwS1VhG9q71sKyx/OvsHIYXqVy4zAlKOf2TfchMdiA==
  dependencies:
    "@types/json-patch" "0.0.30"
    axios "^0.27.1"
    contentful-sdk-core "^7.0.1"
    fast-copy "^3.0.0"
    lodash.isplainobject "^4.0.6"
    type-fest "^3.0.0"

contentful-resolve-response@^1.3.12:
  version "1.6.3"
  resolved "https://registry.yarnpkg.com/contentful-resolve-response/-/contentful-resolve-response-1.6.3.tgz#1f7c89521263c4838864dcf3626feeabb76cd8be"
  integrity sha512-e4U4LrDb2XhQLJXSvBpU2zKAFIZAkhTA1TaRyk+do5m6d27Tvhb/ETwQXk4g1ylp/Ew7GQQOf1xe+zsTBpQpYg==
  dependencies:
    fast-copy "^2.1.7"

contentful-sdk-core@^7.0.1, contentful-sdk-core@^7.0.5:
  version "7.0.6"
  resolved "https://registry.yarnpkg.com/contentful-sdk-core/-/contentful-sdk-core-7.0.6.tgz#bd6be54f166b5cddf7a5132f8087b22d8bb8d477"
  integrity sha512-xG4+a4p7VGCuxxUWh8t3O3V6gEcPP/aSE/KkvPRMYkm8PbxWYTAYG3c5pn5lmtj1QKcsY7yjiLWRXtP4qzem3Q==
  dependencies:
    fast-copy "^2.1.7"
    lodash.isplainobject "^4.0.6"
    lodash.isstring "^4.0.1"
    p-throttle "^4.1.1"
    qs "^6.9.4"

contentful@^9.3.2:
  version "9.3.2"
  resolved "https://registry.yarnpkg.com/contentful/-/contentful-9.3.2.tgz#89ac8fd518cd3aa1ea003bd387a02cd76a047bbb"
  integrity sha512-JnHzgmNrrGHtsMhwVu+MCKJcE0OSHrbxWQvO0Qp7NjBB5/8hX5qasZu9Ed9dmg81PvBFEBtiTgEK0/iHGtjjdQ==
  dependencies:
    "@contentful/rich-text-types" "^16.0.2"
    axios "^0.27.0"
    contentful-resolve-response "^1.3.12"
    contentful-sdk-core "^7.0.5"
    fast-copy "^2.1.7"
    json-stringify-safe "^5.0.1"

delayed-stream@~1.0.0:
  version "1.0.0"
  resolved "https://registry.yarnpkg.com/delayed-stream/-/delayed-stream-1.0.0.tgz#df3ae199acadfb7d440aaae0b29e2272b24ec619"
  integrity sha512-ZySD7Nf91aLB0RxL4KGrKHBXl7Eds1DAmEdcoVawXnLD7SDhpNgtuII2aAkg7a7QS41jxPSZ17p4VdGnMHk3MQ==

fast-copy@^2.1.7:
  version "2.1.7"
  resolved "https://registry.yarnpkg.com/fast-copy/-/fast-copy-2.1.7.tgz#affc9475cb4b555fb488572b2a44231d0c9fa39e"
  integrity sha512-ozrGwyuCTAy7YgFCua8rmqmytECYk/JYAMXcswOcm0qvGoE3tPb7ivBeIHTOK2DiapBhDZgacIhzhQIKU5TCfA==

fast-copy@^3.0.0:
  version "3.0.0"
  resolved "https://registry.yarnpkg.com/fast-copy/-/fast-copy-3.0.0.tgz#875ebf33b13948ae012b6e51d33da5e6e7571ab8"
  integrity sha512-4HzS+9pQ5Yxtv13Lhs1Z1unMXamBdn5nA4bEi1abYpDNSpSp7ODYQ1KPMF6nTatfEzgH6/zPvXKU1zvHiUjWlA==

follow-redirects@^1.14.9:
  version "1.15.2"
  resolved "https://registry.yarnpkg.com/follow-redirects/-/follow-redirects-1.15.2.tgz#b460864144ba63f2681096f274c4e57026da2c13"
  integrity sha512-VQLG33o04KaQ8uYi2tVNbdrWp1QWxNNea+nmIB4EVM28v0hmP17z7aG1+wAkNzVq4KeXTq3221ye5qTJP91JwA==

form-data@^4.0.0:
  version "4.0.0"
  resolved "https://registry.yarnpkg.com/form-data/-/form-data-4.0.0.tgz#93919daeaf361ee529584b9b31664dc12c9fa452"
  integrity sha512-ETEklSGi5t0QMZuiXoA/Q6vcnxcLQP5vdugSpuAyi6SVGi2clPPp+xgEhuMaHC+zGgn31Kd235W35f7Hykkaww==
  dependencies:
    asynckit "^0.4.0"
    combined-stream "^1.0.8"
    mime-types "^2.1.12"

function-bind@^1.1.1:
  version "1.1.1"
  resolved "https://registry.yarnpkg.com/function-bind/-/function-bind-1.1.1.tgz#a56899d3ea3c9bab874bb9773b7c5ede92f4895d"
  integrity sha512-yIovAzMX49sF8Yl58fSCWJ5svSLuaibPxXQJFLmBObTuCr0Mf1KiPopGM9NiFjiYBCbfaa2Fh6breQ6ANVTI0A==

get-intrinsic@^1.0.2:
  version "1.2.0"
  resolved "https://registry.yarnpkg.com/get-intrinsic/-/get-intrinsic-1.2.0.tgz#7ad1dc0535f3a2904bba075772763e5051f6d05f"
  integrity sha512-L049y6nFOuom5wGyRc3/gdTLO94dySVKRACj1RmJZBQXlbTMhtNIgkWkUHq+jYmZvKf14EW1EoJnnjbmoHij0Q==
  dependencies:
    function-bind "^1.1.1"
    has "^1.0.3"
    has-symbols "^1.0.3"

has-symbols@^1.0.3:
  version "1.0.3"
  resolved "https://registry.yarnpkg.com/has-symbols/-/has-symbols-1.0.3.tgz#bb7b2c4349251dce87b125f7bdf874aa7c8b39f8"
  integrity sha512-l3LCuF6MgDNwTDKkdYGEihYjt5pRPbEg46rtlmnSPlUbgmB8LOIrKJbYYFBSbnPaJexMKtiPO8hmeRjRz2Td+A==

has@^1.0.3:
  version "1.0.3"
  resolved "https://registry.yarnpkg.com/has/-/has-1.0.3.tgz#722d7cbfc1f6aa8241f16dd814e011e1f41e8796"
  integrity sha512-f2dvO0VU6Oej7RkWJGrehjbzMAjFp5/VKPp5tTpWIV4JHHZK1/BxbFRtf/siA2SWTe09caDmVtYYzWEIbBS4zw==
  dependencies:
    function-bind "^1.1.1"

json-stringify-safe@^5.0.1:
  version "5.0.1"
  resolved "https://registry.yarnpkg.com/json-stringify-safe/-/json-stringify-safe-5.0.1.tgz#1296a2d58fd45f19a0f6ce01d65701e2c735b6eb"
  integrity sha512-ZClg6AaYvamvYEE82d3Iyd3vSSIjQ+odgjaTzRuO3s7toCdFKczob2i0zCh7JE8kWn17yvAWhUVxvqGwUalsRA==

lodash.isplainobject@^4.0.6:
  version "4.0.6"
  resolved "https://registry.yarnpkg.com/lodash.isplainobject/-/lodash.isplainobject-4.0.6.tgz#7c526a52d89b45c45cc690b88163be0497f550cb"
  integrity sha512-oSXzaWypCMHkPC3NvBEaPHf0KsA5mvPrOPgQWDsbg8n7orZ290M0BmC/jgRZ4vcJ6DTAhjrsSYgdsW/F+MFOBA==

lodash.isstring@^4.0.1:
  version "4.0.1"
  resolved "https://registry.yarnpkg.com/lodash.isstring/-/lodash.isstring-4.0.1.tgz#d527dfb5456eca7cc9bb95d5daeaf88ba54a5451"
  integrity sha512-0wJxfxH1wgO3GrbuP+dTTk7op+6L41QCXbGINEmD+ny/G/eCqGzxyCsh7159S+mgDDcoarnBw6PC1PS5+wUGgw==

mime-db@1.52.0:
  version "1.52.0"
  resolved "https://registry.yarnpkg.com/mime-db/-/mime-db-1.52.0.tgz#bbabcdc02859f4987301c856e3387ce5ec43bf70"
  integrity sha512-sPU4uV7dYlvtWJxwwxHD0PuihVNiE7TyAbQ5SWxDCB9mUYvOgroQOwYQQOKPJ8CIbE+1ETVlOoK1UC2nU3gYvg==

mime-types@^2.1.12:
  version "2.1.35"
  resolved "https://registry.yarnpkg.com/mime-types/-/mime-types-2.1.35.tgz#381a871b62a734450660ae3deee44813f70d959a"
  integrity sha512-ZDY+bPm5zTTF+YpCrAU9nK0UgICYPT0QtT1NZWFv4s++TNkcgVaT0g6+4R2uI4MjQjzysHB1zxuWL50hzaeXiw==
  dependencies:
    mime-db "1.52.0"

object-inspect@^1.9.0:
  version "1.12.3"
  resolved "https://registry.yarnpkg.com/object-inspect/-/object-inspect-1.12.3.tgz#ba62dffd67ee256c8c086dfae69e016cd1f198b9"
  integrity sha512-geUvdk7c+eizMNUDkRpW1wJwgfOiOeHbxBR/hLXK1aT6zmVSO0jsQcs7fj6MGw89jC/cjGfLcNOrtMYtGqm81g==

p-throttle@^4.1.1:
  version "4.1.1"
  resolved "https://registry.yarnpkg.com/p-throttle/-/p-throttle-4.1.1.tgz#80b1fbd358af40a8bfa1667f9dc8b72b714ad692"
  integrity sha512-TuU8Ato+pRTPJoDzYD4s7ocJYcNSEZRvlxoq3hcPI2kZDZ49IQ1Wkj7/gDJc3X7XiEAAvRGtDzdXJI0tC3IL1g==

qs@^6.9.4:
  version "6.11.0"
  resolved "https://registry.yarnpkg.com/qs/-/qs-6.11.0.tgz#fd0d963446f7a65e1367e01abd85429453f0c37a"
  integrity sha512-MvjoMCJwEarSbUYk5O+nmoSzSutSsTwF85zcHPQ9OrlFoZOYIjaqBAJIqIXjptyD5vThxGq52Xu/MaJzRkIk4Q==
  dependencies:
    side-channel "^1.0.4"

side-channel@^1.0.4:
  version "1.0.4"
  resolved "https://registry.yarnpkg.com/side-channel/-/side-channel-1.0.4.tgz#efce5c8fdc104ee751b25c58d4290011fa5ea2cf"
  integrity sha512-q5XPytqFEIKHkGdiMIrY10mvLRvnQh42/+GoBlFW3b2LXLE2xxJpZFdm94we0BaoV3RwJyGqg5wS7epxTv0Zvw==
  dependencies:
    call-bind "^1.0.0"
    get-intrinsic "^1.0.2"
    object-inspect "^1.9.0"

type-fest@^3.0.0:
  version "3.5.7"
  resolved "https://registry.yarnpkg.com/type-fest/-/type-fest-3.5.7.tgz#1ee9efc9a172f4002c40b896689928a7bba537f2"
  integrity sha512-6J4bYzb4sdkcLBty4XW7F18VPI66M4boXNE+CY40532oq2OJe6AVMB5NmjOp6skt/jw5mRjz/hLRpuglz0U+FA==
